
Microsoft Visual Studio Solution File, Format Version 12.00
# Visual Studio 2012
Project("{8BC9CEB8-8B4A-11D0-8D11-00A0C91BC942}") = "Milestone 7", "Milestone 7\Milestone 7.vcxproj", "{84F6C231-DAF2-4563-9F38-C1D439CC0718}"
EndProject
Global
	GlobalSection(SolutionConfigurationPlatforms) = preSolution
		Debug|Win32 = Debug|Win32
		Release|Win32 = Release|Win32
	EndGlobalSection
	GlobalSection(ProjectConfigurationPlatforms) = postSolution
		{84F6C231-DAF2-4563-9F38-C1D439CC0718}.Debug|Win32.ActiveCfg = Debug|Win32
		{84F6C231-DAF2-4563-9F38-C1D439CC0718}.Debug|Win32.Build.0 = Debug|Win32
		{84F6C231-DAF2-4563-9F38-C1D439CC0718}.Release|Win32.ActiveCfg = Release|Win32
		{84F6C231-DAF2-4563-9F38-C1D439CC0718}.Release|Win32.Build.0 = Release|Win32
	EndGlobalSection
	GlobalSection(SolutionProperties) = preSolution
		HideSolutionNode = FALSE
	EndGlobalSection
EndGlobal
